
Microsoft Visual Studio Solution File, Format Version 12.00
# Visual Studio Version 17
VisualStudioVersion = 17.2.32526.322
MinimumVisualStudioVersion = 10.0.40219.1
Project("{FAE04EC0-301F-11D3-BF4B-00C04F79EFBC}") = "mini-max", "mini-max\mini-max.csproj", "{ADB2EED8-D096-4C8A-AC3C-EB0227C9F361}"
EndProject
Global
	GlobalSection(SolutionConfigurationPlatforms) = preSolution
		Debug|Any CPU = Debug|Any CPU
		Release|Any CPU = Release|Any CPU
	EndGlobalSection
	GlobalSection(ProjectConfigurationPlatforms) = postSolution
		{ADB2EED8-D096-4C8A-AC3C-EB0227C9F361}.Debug|Any CPU.ActiveCfg = Debug|Any CPU
		{ADB2EED8-D096-4C8A-AC3C-EB0227C9F361}.Debug|Any CPU.Build.0 = Debug|Any CPU
		{ADB2EED8-D096-4C8A-AC3C-EB0227C9F361}.Release|Any CPU.ActiveCfg = Release|Any CPU
		{ADB2EED8-D096-4C8A-AC3C-EB0227C9F361}.Release|Any CPU.Build.0 = Release|Any CPU
	EndGlobalSection
	GlobalSection(SolutionProperties) = preSolution
		HideSolutionNode = FALSE
	EndGlobalSection
	GlobalSection(ExtensibilityGlobals) = postSolution
		SolutionGuid = {1D564A03-D19C-4A7E-8C97-9DFCB6FB9401}
	EndGlobalSection
EndGlobal
