
Microsoft Visual Studio Solution File, Format Version 12.00
# Visual Studio Version 17
VisualStudioVersion = 17.2.32526.322
MinimumVisualStudioVersion = 10.0.40219.1
Project("{FAE04EC0-301F-11D3-BF4B-00C04F79EFBC}") = "StairCase", "StairCase\StairCase.csproj", "{4FC15D1E-2621-497D-BCAC-C05DDED66584}"
EndProject
Global
	GlobalSection(SolutionConfigurationPlatforms) = preSolution
		Debug|Any CPU = Debug|Any CPU
		Release|Any CPU = Release|Any CPU
	EndGlobalSection
	GlobalSection(ProjectConfigurationPlatforms) = postSolution
		{4FC15D1E-2621-497D-BCAC-C05DDED66584}.Debug|Any CPU.ActiveCfg = Debug|Any CPU
		{4FC15D1E-2621-497D-BCAC-C05DDED66584}.Debug|Any CPU.Build.0 = Debug|Any CPU
		{4FC15D1E-2621-497D-BCAC-C05DDED66584}.Release|Any CPU.ActiveCfg = Release|Any CPU
		{4FC15D1E-2621-497D-BCAC-C05DDED66584}.Release|Any CPU.Build.0 = Release|Any CPU
	EndGlobalSection
	GlobalSection(SolutionProperties) = preSolution
		HideSolutionNode = FALSE
	EndGlobalSection
	GlobalSection(ExtensibilityGlobals) = postSolution
		SolutionGuid = {14B6624D-0D84-4CC8-97F5-38D9445EF30F}
	EndGlobalSection
EndGlobal
