
Microsoft Visual Studio Solution File, Format Version 12.00
# Visual Studio Version 17
VisualStudioVersion = 17.2.32526.322
MinimumVisualStudioVersion = 10.0.40219.1
Project("{FAE04EC0-301F-11D3-BF4B-00C04F79EFBC}") = "sock-merchant", "sock-merchant\sock-merchant.csproj", "{6EE0C88E-1307-436A-B7E5-F77AAF4F8C84}"
EndProject
Global
	GlobalSection(SolutionConfigurationPlatforms) = preSolution
		Debug|Any CPU = Debug|Any CPU
		Release|Any CPU = Release|Any CPU
	EndGlobalSection
	GlobalSection(ProjectConfigurationPlatforms) = postSolution
		{6EE0C88E-1307-436A-B7E5-F77AAF4F8C84}.Debug|Any CPU.ActiveCfg = Debug|Any CPU
		{6EE0C88E-1307-436A-B7E5-F77AAF4F8C84}.Debug|Any CPU.Build.0 = Debug|Any CPU
		{6EE0C88E-1307-436A-B7E5-F77AAF4F8C84}.Release|Any CPU.ActiveCfg = Release|Any CPU
		{6EE0C88E-1307-436A-B7E5-F77AAF4F8C84}.Release|Any CPU.Build.0 = Release|Any CPU
	EndGlobalSection
	GlobalSection(SolutionProperties) = preSolution
		HideSolutionNode = FALSE
	EndGlobalSection
	GlobalSection(ExtensibilityGlobals) = postSolution
		SolutionGuid = {64047222-EE3D-472B-A265-77FA0B540CB7}
	EndGlobalSection
EndGlobal
