
Microsoft Visual Studio Solution File, Format Version 12.00
# Visual Studio Version 17
VisualStudioVersion = 17.2.32526.322
MinimumVisualStudioVersion = 10.0.40219.1
Project("{FAE04EC0-301F-11D3-BF4B-00C04F79EFBC}") = "DrawingBook", "DrawingBook\DrawingBook.csproj", "{CF49B33B-AC41-4DA5-9C40-7C1F070D6BA0}"
EndProject
Global
	GlobalSection(SolutionConfigurationPlatforms) = preSolution
		Debug|Any CPU = Debug|Any CPU
		Release|Any CPU = Release|Any CPU
	EndGlobalSection
	GlobalSection(ProjectConfigurationPlatforms) = postSolution
		{CF49B33B-AC41-4DA5-9C40-7C1F070D6BA0}.Debug|Any CPU.ActiveCfg = Debug|Any CPU
		{CF49B33B-AC41-4DA5-9C40-7C1F070D6BA0}.Debug|Any CPU.Build.0 = Debug|Any CPU
		{CF49B33B-AC41-4DA5-9C40-7C1F070D6BA0}.Release|Any CPU.ActiveCfg = Release|Any CPU
		{CF49B33B-AC41-4DA5-9C40-7C1F070D6BA0}.Release|Any CPU.Build.0 = Release|Any CPU
	EndGlobalSection
	GlobalSection(SolutionProperties) = preSolution
		HideSolutionNode = FALSE
	EndGlobalSection
	GlobalSection(ExtensibilityGlobals) = postSolution
		SolutionGuid = {309F3850-05FD-405C-8682-A74BCF3175C2}
	EndGlobalSection
EndGlobal
