
Microsoft Visual Studio Solution File, Format Version 12.00
# Visual Studio Version 17
VisualStudioVersion = 17.2.32526.322
MinimumVisualStudioVersion = 10.0.40219.1
Project("{FAE04EC0-301F-11D3-BF4B-00C04F79EFBC}") = "Grading", "Grading\Grading.csproj", "{8DCDDCE7-78FD-4310-8E6A-15154BAA80C7}"
EndProject
Global
	GlobalSection(SolutionConfigurationPlatforms) = preSolution
		Debug|Any CPU = Debug|Any CPU
		Release|Any CPU = Release|Any CPU
	EndGlobalSection
	GlobalSection(ProjectConfigurationPlatforms) = postSolution
		{8DCDDCE7-78FD-4310-8E6A-15154BAA80C7}.Debug|Any CPU.ActiveCfg = Debug|Any CPU
		{8DCDDCE7-78FD-4310-8E6A-15154BAA80C7}.Debug|Any CPU.Build.0 = Debug|Any CPU
		{8DCDDCE7-78FD-4310-8E6A-15154BAA80C7}.Release|Any CPU.ActiveCfg = Release|Any CPU
		{8DCDDCE7-78FD-4310-8E6A-15154BAA80C7}.Release|Any CPU.Build.0 = Release|Any CPU
	EndGlobalSection
	GlobalSection(SolutionProperties) = preSolution
		HideSolutionNode = FALSE
	EndGlobalSection
	GlobalSection(ExtensibilityGlobals) = postSolution
		SolutionGuid = {D7B46904-669B-422E-994C-02AF645BABF9}
	EndGlobalSection
EndGlobal
