
Microsoft Visual Studio Solution File, Format Version 12.00
# Visual Studio Version 17
VisualStudioVersion = 17.2.32526.322
MinimumVisualStudioVersion = 10.0.40219.1
Project("{FAE04EC0-301F-11D3-BF4B-00C04F79EFBC}") = "MagicSquare", "MagicSquare\MagicSquare.csproj", "{5D363C8A-0862-4C80-934D-646689533001}"
EndProject
Global
	GlobalSection(SolutionConfigurationPlatforms) = preSolution
		Debug|Any CPU = Debug|Any CPU
		Release|Any CPU = Release|Any CPU
	EndGlobalSection
	GlobalSection(ProjectConfigurationPlatforms) = postSolution
		{5D363C8A-0862-4C80-934D-646689533001}.Debug|Any CPU.ActiveCfg = Debug|Any CPU
		{5D363C8A-0862-4C80-934D-646689533001}.Debug|Any CPU.Build.0 = Debug|Any CPU
		{5D363C8A-0862-4C80-934D-646689533001}.Release|Any CPU.ActiveCfg = Release|Any CPU
		{5D363C8A-0862-4C80-934D-646689533001}.Release|Any CPU.Build.0 = Release|Any CPU
	EndGlobalSection
	GlobalSection(SolutionProperties) = preSolution
		HideSolutionNode = FALSE
	EndGlobalSection
	GlobalSection(ExtensibilityGlobals) = postSolution
		SolutionGuid = {7E3A082F-92DC-4CDA-B52F-86A956ADA856}
	EndGlobalSection
EndGlobal
